
Microsoft Visual Studio Solution File, Format Version 12.00
# Visual Studio Version 17
VisualStudioVersion = 17.10.35122.118
MinimumVisualStudioVersion = 10.0.40219.1
Project("{FAE04EC0-301F-11D3-BF4B-00C04F79EFBC}") = "FastFoodRestaurant", "FastFoodRestaurant\FastFoodRestaurant.csproj", "{670FA2D9-D070-4385-AA3F-66A4F9125158}"
EndProject
Global
	GlobalSection(SolutionConfigurationPlatforms) = preSolution
		Debug|Any CPU = Debug|Any CPU
		Release|Any CPU = Release|Any CPU
	EndGlobalSection
	GlobalSection(ProjectConfigurationPlatforms) = postSolution
		{670FA2D9-D070-4385-AA3F-66A4F9125158}.Debug|Any CPU.ActiveCfg = Debug|Any CPU
		{670FA2D9-D070-4385-AA3F-66A4F9125158}.Debug|Any CPU.Build.0 = Debug|Any CPU
		{670FA2D9-D070-4385-AA3F-66A4F9125158}.Release|Any CPU.ActiveCfg = Release|Any CPU
		{670FA2D9-D070-4385-AA3F-66A4F9125158}.Release|Any CPU.Build.0 = Release|Any CPU
	EndGlobalSection
	GlobalSection(SolutionProperties) = preSolution
		HideSolutionNode = FALSE
	EndGlobalSection
	GlobalSection(ExtensibilityGlobals) = postSolution
		SolutionGuid = {55EF55B8-7FDE-4089-BA8C-1411C14A2A17}
	EndGlobalSection
EndGlobal
